{
  "nodes": {
    "crane": {
      "locked": {
        "lastModified": 1734808813,
        "narHash": "sha256-3aH/0Y6ajIlfy7j52FGZ+s4icVX0oHhqBzRdlOeztqg=",
        "owner": "ipetkov",
        "repo": "crane",
        "rev": "72e2d02dbac80c8c86bf6bf3e785536acf8ee926",
        "type": "github"
      },
      "original": {
        "owner": "ipetkov",
        "repo": "crane",
        "type": "github"
      }
    },
    "darwin": {
      "inputs": {
        "nixpkgs": [
          "nixpkgs"
        ]
      },
      "locked": {
        "lastModified": 1735478292,
        "narHash": "sha256-Ys9pSP9ch0SthhpbjnkCSJ9ZLfaNKnt/dcy7swjmS1A=",
        "owner": "LnL7",
        "repo": "nix-darwin",
        "rev": "71a3a075e3229a7518d76636bb762aef2bcb73ac",
        "type": "github"
      },
      "original": {
        "owner": "LnL7",
        "repo": "nix-darwin",
        "type": "github"
      }
    },
    "flake-utils": {
      "inputs": {
        "systems": "systems"
      },
      "locked": {
        "lastModified": 1731533236,
        "narHash": "sha256-l0KFg5HjrsfsO/JpG+r7fRrqm12kzFHyUHqHCVpMMbI=",
        "owner": "numtide",
        "repo": "flake-utils",
        "rev": "11707dc2f618dd54ca8739b309ec4fc024de578b",
        "type": "github"
      },
      "original": {
        "owner": "numtide",
        "repo": "flake-utils",
        "type": "github"
      }
    },
    "home-manager": {
      "inputs": {
        "nixpkgs": [
          "nixpkgs"
        ]
      },
      "locked": {
        "lastModified": 1735381016,
        "narHash": "sha256-CyCZFhMUkuYbSD6bxB/r43EdmDE7hYeZZPTCv0GudO4=",
        "owner": "nix-community",
        "repo": "home-manager",
        "rev": "10e99c43cdf4a0713b4e81d90691d22c6a58bdf2",
        "type": "github"
      },
      "original": {
        "owner": "nix-community",
        "repo": "home-manager",
        "type": "github"
      }
    },
    "nixpkgs": {
      "locked": {
        "lastModified": 1735471104,
        "narHash": "sha256-0q9NGQySwDQc7RhAV2ukfnu7Gxa5/ybJ2ANT8DQrQrs=",
        "owner": "nixos",
        "repo": "nixpkgs",
        "rev": "88195a94f390381c6afcdaa933c2f6ff93959cb4",
        "type": "github"
      },
      "original": {
        "owner": "nixos",
        "ref": "nixos-unstable",
        "repo": "nixpkgs",
        "type": "github"
      }
    },
    "nixpkgs_2": {
      "locked": {
        "lastModified": 1734435836,
        "narHash": "sha256-kMBQ5PRiFLagltK0sH+08aiNt3zGERC2297iB6vrvlU=",
        "owner": "NixOS",
        "repo": "nixpkgs",
        "rev": "4989a246d7a390a859852baddb1013f825435cee",
        "type": "github"
      },
      "original": {
        "owner": "NixOS",
        "ref": "nixpkgs-unstable",
        "repo": "nixpkgs",
        "type": "github"
      }
    },
    "root": {
      "inputs": {
        "darwin": "darwin",
        "home-manager": "home-manager",
        "nixpkgs": "nixpkgs",
        "zjstatus": "zjstatus"
      }
    },
    "rust-overlay": {
      "inputs": {
        "nixpkgs": [
          "zjstatus",
          "nixpkgs"
        ]
      },
      "locked": {
        "lastModified": 1734834660,
        "narHash": "sha256-bm8V+Cu8rWJA+vKQnc94mXTpSDgvedyoDKxTVi/uJfw=",
        "owner": "oxalica",
        "repo": "rust-overlay",
        "rev": "b070e6030118680977bc2388868c4b3963872134",
        "type": "github"
      },
      "original": {
        "owner": "oxalica",
        "repo": "rust-overlay",
        "type": "github"
      }
    },
    "systems": {
      "locked": {
        "lastModified": 1681028828,
        "narHash": "sha256-Vy1rq5AaRuLzOxct8nz4T6wlgyUR7zLU309k9mBC768=",
        "owner": "nix-systems",
        "repo": "default",
        "rev": "da67096a3b9bf56a91d16901293e51ba5b49a27e",
        "type": "github"
      },
      "original": {
        "owner": "nix-systems",
        "repo": "default",
        "type": "github"
      }
    },
    "zjstatus": {
      "inputs": {
        "crane": "crane",
        "flake-utils": "flake-utils",
        "nixpkgs": "nixpkgs_2",
        "rust-overlay": "rust-overlay"
      },
      "locked": {
        "lastModified": 1735124047,
        "narHash": "sha256-yp+H5xPUH1/NXXu9fIXHK1pJpDLvx75KfzUJP5g+al8=",
        "owner": "dj95",
        "repo": "zjstatus",
        "rev": "6eb5fb0dd16827d87a7c9b7b0f753caf56434d51",
        "type": "github"
      },
      "original": {
        "owner": "dj95",
        "repo": "zjstatus",
        "type": "github"
      }
    }
  },
  "root": "root",
  "version": 7
}
